
Microsoft Visual Studio Solution File, Format Version 12.00
# Visual Studio 15
VisualStudioVersion = 15.0.28010.2016
MinimumVisualStudioVersion = 10.0.40219.1
Project("{9A19103F-16F7-4668-BE54-9A1E7A4F7556}") = "Gonsa.Repository.Interfaces", "Gonsa.Repository.Interfaces\Gonsa.Repository.Interfaces.csproj", "{C966B97A-A16B-4370-9251-66C062076A7D}"
EndProject
Project("{9A19103F-16F7-4668-BE54-9A1E7A4F7556}") = "Gonsa.Repository", "Gonsa.Repository\Gonsa.Repository.csproj", "{E9711A4F-BBD6-47C2-99C8-89086F26FA55}"
EndProject
Project("{9A19103F-16F7-4668-BE54-9A1E7A4F7556}") = "Gonsa.Data", "Gonsa.Data\Gonsa.Data.csproj", "{9A7D1C3D-467A-4CB5-BEAA-A0E8B892AB3F}"
EndProject
Project("{9A19103F-16F7-4668-BE54-9A1E7A4F7556}") = "Gonsa.Entities", "Gonsa.Entities\Gonsa.Entities.csproj", "{78706850-415B-44AF-B437-D234DF6CD84A}"
EndProject
Project("{9A19103F-16F7-4668-BE54-9A1E7A4F7556}") = "Gonsa.Application", "Gonsa.Application\Gonsa.Application.csproj", "{A0B473C5-EFD6-4830-9CAE-E4AB13377693}"
EndProject
Global
	GlobalSection(SolutionConfigurationPlatforms) = preSolution
		Debug|Any CPU = Debug|Any CPU
		Release|Any CPU = Release|Any CPU
	EndGlobalSection
	GlobalSection(ProjectConfigurationPlatforms) = postSolution
		{C966B97A-A16B-4370-9251-66C062076A7D}.Debug|Any CPU.ActiveCfg = Debug|Any CPU
		{C966B97A-A16B-4370-9251-66C062076A7D}.Debug|Any CPU.Build.0 = Debug|Any CPU
		{C966B97A-A16B-4370-9251-66C062076A7D}.Release|Any CPU.ActiveCfg = Release|Any CPU
		{C966B97A-A16B-4370-9251-66C062076A7D}.Release|Any CPU.Build.0 = Release|Any CPU
		{E9711A4F-BBD6-47C2-99C8-89086F26FA55}.Debug|Any CPU.ActiveCfg = Debug|Any CPU
		{E9711A4F-BBD6-47C2-99C8-89086F26FA55}.Debug|Any CPU.Build.0 = Debug|Any CPU
		{E9711A4F-BBD6-47C2-99C8-89086F26FA55}.Release|Any CPU.ActiveCfg = Release|Any CPU
		{E9711A4F-BBD6-47C2-99C8-89086F26FA55}.Release|Any CPU.Build.0 = Release|Any CPU
		{9A7D1C3D-467A-4CB5-BEAA-A0E8B892AB3F}.Debug|Any CPU.ActiveCfg = Debug|Any CPU
		{9A7D1C3D-467A-4CB5-BEAA-A0E8B892AB3F}.Debug|Any CPU.Build.0 = Debug|Any CPU
		{9A7D1C3D-467A-4CB5-BEAA-A0E8B892AB3F}.Release|Any CPU.ActiveCfg = Release|Any CPU
		{9A7D1C3D-467A-4CB5-BEAA-A0E8B892AB3F}.Release|Any CPU.Build.0 = Release|Any CPU
		{78706850-415B-44AF-B437-D234DF6CD84A}.Debug|Any CPU.ActiveCfg = Debug|Any CPU
		{78706850-415B-44AF-B437-D234DF6CD84A}.Debug|Any CPU.Build.0 = Debug|Any CPU
		{78706850-415B-44AF-B437-D234DF6CD84A}.Release|Any CPU.ActiveCfg = Release|Any CPU
		{78706850-415B-44AF-B437-D234DF6CD84A}.Release|Any CPU.Build.0 = Release|Any CPU
		{A0B473C5-EFD6-4830-9CAE-E4AB13377693}.Debug|Any CPU.ActiveCfg = Debug|Any CPU
		{A0B473C5-EFD6-4830-9CAE-E4AB13377693}.Debug|Any CPU.Build.0 = Debug|Any CPU
		{A0B473C5-EFD6-4830-9CAE-E4AB13377693}.Release|Any CPU.ActiveCfg = Release|Any CPU
		{A0B473C5-EFD6-4830-9CAE-E4AB13377693}.Release|Any CPU.Build.0 = Release|Any CPU
	EndGlobalSection
	GlobalSection(SolutionProperties) = preSolution
		HideSolutionNode = FALSE
	EndGlobalSection
	GlobalSection(ExtensibilityGlobals) = postSolution
		SolutionGuid = {957DD70C-B202-4ADF-B8E4-8B253BD659F2}
	EndGlobalSection
EndGlobal
